
Microsoft Visual Studio Solution File, Format Version 12.00
# Visual Studio Version 16
VisualStudioVersion = 16.0.29827.131
MinimumVisualStudioVersion = 10.0.40219.1
Project("{9A19103F-16F7-4668-BE54-9A1E7A4F7556}") = "TrelloManager", "TrelloManager\TrelloManager.csproj", "{F964FF73-C52B-464B-A5CD-7FB790A9B80A}"
EndProject
Project("{9A19103F-16F7-4668-BE54-9A1E7A4F7556}") = "TrelloManagerCore", "TrelloManagerCore\TrelloManagerCore.csproj", "{AACAE17D-B8EE-41D0-8966-5F33E9BF6087}"
EndProject
Project("{FAE04EC0-301F-11D3-BF4B-00C04F79EFBC}") = "Indexer", "Indexer\Indexer.csproj", "{6FDB60CF-62B6-4A7A-8BA0-EE83B605AAB8}"
EndProject
Global
	GlobalSection(SolutionConfigurationPlatforms) = preSolution
		Debug|Any CPU = Debug|Any CPU
		Release|Any CPU = Release|Any CPU
	EndGlobalSection
	GlobalSection(ProjectConfigurationPlatforms) = postSolution
		{F964FF73-C52B-464B-A5CD-7FB790A9B80A}.Debug|Any CPU.ActiveCfg = Debug|Any CPU
		{F964FF73-C52B-464B-A5CD-7FB790A9B80A}.Debug|Any CPU.Build.0 = Debug|Any CPU
		{F964FF73-C52B-464B-A5CD-7FB790A9B80A}.Release|Any CPU.ActiveCfg = Release|Any CPU
		{F964FF73-C52B-464B-A5CD-7FB790A9B80A}.Release|Any CPU.Build.0 = Release|Any CPU
		{AACAE17D-B8EE-41D0-8966-5F33E9BF6087}.Debug|Any CPU.ActiveCfg = Debug|Any CPU
		{AACAE17D-B8EE-41D0-8966-5F33E9BF6087}.Debug|Any CPU.Build.0 = Debug|Any CPU
		{AACAE17D-B8EE-41D0-8966-5F33E9BF6087}.Release|Any CPU.ActiveCfg = Release|Any CPU
		{AACAE17D-B8EE-41D0-8966-5F33E9BF6087}.Release|Any CPU.Build.0 = Release|Any CPU
		{6FDB60CF-62B6-4A7A-8BA0-EE83B605AAB8}.Debug|Any CPU.ActiveCfg = Debug|Any CPU
		{6FDB60CF-62B6-4A7A-8BA0-EE83B605AAB8}.Debug|Any CPU.Build.0 = Debug|Any CPU
		{6FDB60CF-62B6-4A7A-8BA0-EE83B605AAB8}.Release|Any CPU.ActiveCfg = Release|Any CPU
		{6FDB60CF-62B6-4A7A-8BA0-EE83B605AAB8}.Release|Any CPU.Build.0 = Release|Any CPU
	EndGlobalSection
	GlobalSection(SolutionProperties) = preSolution
		HideSolutionNode = FALSE
	EndGlobalSection
	GlobalSection(ExtensibilityGlobals) = postSolution
		SolutionGuid = {80DFDAF1-8AD6-4888-8242-5C75F2FA794C}
	EndGlobalSection
EndGlobal
